// !$*UTF8*$!
{
	archiveVersion = 1;
	classes = {
	};
	objectVersion = 46;
	objects = {

/* Begin PBXBuildFile section */
		681F4E701D21A73B00C6E651 /* AppDelegate.swift in Sources */ = {isa = PBXBuildFile; fileRef = 681F4E6F1D21A73B00C6E651 /* AppDelegate.swift */; };
		681F4E721D21A73B00C6E651 /* ViewController.swift in Sources */ = {isa = PBXBuildFile; fileRef = 681F4E711D21A73B00C6E651 /* ViewController.swift */; };
		681F4E751D21A73B00C6E651 /* Main.storyboard in Resources */ = {isa = PBXBuildFile; fileRef = 681F4E731D21A73B00C6E651 /* Main.storyboard */; };
		681F4E771D21A73B00C6E651 /* Assets.xcassets in Resources */ = {isa = PBXBuildFile; fileRef = 681F4E761D21A73B00C6E651 /* Assets.xcassets */; };
		681F4E7A1D21A73B00C6E651 /* LaunchScreen.storyboard in Resources */ = {isa = PBXBuildFile; fileRef = 681F4E781D21A73B00C6E651 /* LaunchScreen.storyboard */; };
		681F4E851D21A73B00C6E651 /* gitDemoTHTests.swift in Sources */ = {isa = PBXBuildFile; fileRef = 681F4E841D21A73B00C6E651 /* gitDemoTHTests.swift */; };
		681F4E901D21A73B00C6E651 /* gitDemoTHUITests.swift in Sources */ = {isa = PBXBuildFile; fileRef = 681F4E8F1D21A73B00C6E651 /* gitDemoTHUITests.swift */; };
/* End PBXBuildFile section */

/* Begin PBXContainerItemProxy section */
		681F4E811D21A73B00C6E651 /* PBXContainerItemProxy */ = {
			isa = PBXContainerItemProxy;
			containerPortal = 681F4E641D21A73B00C6E651 /* Project object */;
			proxyType = 1;
			remoteGlobalIDString = 681F4E6B1D21A73B00C6E651;
			remoteInfo = gitDemoTH;
		};
		681F4E8C1D21A73B00C6E651 /* PBXContainerItemProxy */ = {
			isa = PBXContainerItemProxy;
			containerPortal = 681F4E641D21A73B00C6E651 /* Project object */;
			proxyType = 1;
			remoteGlobalIDString = 681F4E6B1D21A73B00C6E651;
			remoteInfo = gitDemoTH;
		};
/* End PBXContainerItemProxy section */

/* Begin PBXFileReference section */
		681F4E6C1D21A73B00C6E651 /* gitDemoTH.app */ = {isa = PBXFileReference; explicitFileType = wrapper.application; includeInIndex = 0; path = gitDemoTH.app; sourceTree = BUILT_PRODUCTS_DIR; };
		681F4E6F1D21A73B00C6E651 /* AppDelegate.swift */ = {isa = PBXFileReference; lastKnownFileType = sourcecode.swift; path = AppDelegate.swift; sourceTree = "<group>"; };
		681F4E711D21A73B00C6E651 /* ViewController.swift */ = {isa = PBXFileReference; lastKnownFileType = sourcecode.swift; path = ViewController.swift; sourceTree = "<group>"; };
		681F4E741D21A73B00C6E651 /* Base */ = {isa = PBXFileReference; lastKnownFileType = file.storyboard; name = Base; path = Base.lproj/Main.storyboard; sourceTree = "<group>"; };
		681F4E761D21A73B00C6E651 /* Assets.xcassets */ = {isa = PBXFileReference; lastKnownFileType = folder.assetcatalog; path = Assets.xcassets; sourceTree = "<group>"; };
		681F4E791D21A73B00C6E651 /* Base */ = {isa = PBXFileReference; lastKnownFileType = file.storyboard; name = Base; path = Base.lproj/LaunchScreen.storyboard; sourceTree = "<group>"; };
		681F4E7B1D21A73B00C6E651 /* Info.plist */ = {isa = PBXFileReference; lastKnownFileType = text.plist.xml; path = Info.plist; sourceTree = "<group>"; };
		681F4E801D21A73B00C6E651 /* gitDemoTHTests.xctest */ = {isa = PBXFileReference; explicitFileType = wrapper.cfbundle; includeInIndex = 0; path = gitDemoTHTests.xctest; sourceTree = BUILT_PRODUCTS_DIR; };
		681F4E841D21A73B00C6E651 /* gitDemoTHTests.swift */ = {isa = PBXFileReference; lastKnownFileType = sourcecode.swift; path = gitDemoTHTests.swift; sourceTree = "<group>"; };
		681F4E861D21A73B00C6E651 /* Info.plist */ = {isa = PBXFileReference; lastKnownFileType = text.plist.xml; path = Info.plist; sourceTree = "<group>"; };
		681F4E8B1D21A73B00C6E651 /* gitDemoTHUITests.xctest */ = {isa = PBXFileReference; explicitFileType = wrapper.cfbundle; includeInIndex = 0; path = gitDemoTHUITests.xctest; sourceTree = BUILT_PRODUCTS_DIR; };
		681F4E8F1D21A73B00C6E651 /* gitDemoTHUITests.swift */ = {isa = PBXFileReference; lastKnownFileType = sourcecode.swift; path = gitDemoTHUITests.swift; sourceTree = "<group>"; };
		681F4E911D21A73B00C6E651 /* Info.plist */ = {isa = PBXFileReference; lastKnownFileType = text.plist.xml; path = Info.plist; sourceTree = "<group>"; };
/* End PBXFileReference section */

/* Begin PBXFrameworksBuildPhase section */
		681F4E691D21A73B00C6E651 /* Frameworks */ = {
			isa = PBXFrameworksBuildPhase;
			buildActionMask = 2147483647;
			files = (
			);
			runOnlyForDeploymentPostprocessing = 0;
		};
		681F4E7D1D21A73B00C6E651 /* Frameworks */ = {
			isa = PBXFrameworksBuildPhase;
			buildActionMask = 2147483647;
			files = (
			);
			runOnlyForDeploymentPostprocessing = 0;
		};
		681F4E881D21A73B00C6E651 /* Frameworks */ = {
			isa = PBXFrameworksBuildPhase;
			buildActionMask = 2147483647;
			files = (
			);
			runOnlyForDeploymentPostprocessing = 0;
		};
/* End PBXFrameworksBuildPhase section */

/* Begin PBXGroup section */
		681F4E631D21A73B00C6E651 = {
			isa = PBXGroup;
			children = (
				681F4E6E1D21A73B00C6E651 /* gitDemoTH */,
				681F4E831D21A73B00C6E651 /* gitDemoTHTests */,
				681F4E8E1D21A73B00C6E651 /* gitDemoTHUITests */,
				681F4E6D1D21A73B00C6E651 /* Products */,
			);
			sourceTree = "<group>";
		};
		681F4E6D1D21A73B00C6E651 /* Products */ = {
			isa = PBXGroup;
			children = (
				681F4E6C1D21A73B00C6E651 /* gitDemoTH.app */,
				681F4E801D21A73B00C6E651 /* gitDemoTHTests.xctest */,
				681F4E8B1D21A73B00C6E651 /* gitDemoTHUITests.xctest */,
			);
			name = Products;
			sourceTree = "<group>";
		};
		681F4E6E1D21A73B00C6E651 /* gitDemoTH */ = {
			isa = PBXGroup;
			children = (
				681F4E6F1D21A73B00C6E651 /* AppDelegate.swift */,
				681F4E711D21A73B00C6E651 /* ViewController.swift */,
				681F4E731D21A73B00C6E651 /* Main.storyboard */,
				681F4E761D21A73B00C6E651 /* Assets.xcassets */,
				681F4E781D21A73B00C6E651 /* LaunchScreen.storyboard */,
				681F4E7B1D21A73B00C6E651 /* Info.plist */,
			);
			path = gitDemoTH;
			sourceTree = "<group>";
		};
		681F4E831D21A73B00C6E651 /* gitDemoTHTests */ = {
			isa = PBXGroup;
			children = (
				681F4E841D21A73B00C6E651 /* gitDemoTHTests.swift */,
				681F4E861D21A73B00C6E651 /* Info.plist */,
			);
			path = gitDemoTHTests;
			sourceTree = "<group>";
		};
		681F4E8E1D21A73B00C6E651 /* gitDemoTHUITests */ = {
			isa = PBXGroup;
			children = (
				681F4E8F1D21A73B00C6E651 /* gitDemoTHUITests.swift */,
				681F4E911D21A73B00C6E651 /* Info.plist */,
			);
			path = gitDemoTHUITests;
			sourceTree = "<group>";
		};
/* End PBXGroup section */

/* Begin PBXNativeTarget section */
		681F4E6B1D21A73B00C6E651 /* gitDemoTH */ = {
			isa = PBXNativeTarget;
			buildConfigurationList = 681F4E941D21A73B00C6E651 /* Build configuration list for PBXNativeTarget "gitDemoTH" */;
			buildPhases = (
				681F4E681D21A73B00C6E651 /* Sources */,
				681F4E691D21A73B00C6E651 /* Frameworks */,
				681F4E6A1D21A73B00C6E651 /* Resources */,
			);
			buildRules = (
			);
			dependencies = (
			);
			name = gitDemoTH;
			productName = gitDemoTH;
			productReference = 681F4E6C1D21A73B00C6E651 /* gitDemoTH.app */;
			productType = "com.apple.product-type.application";
		};
		681F4E7F1D21A73B00C6E651 /* gitDemoTHTests */ = {
			isa = PBXNativeTarget;
			buildConfigurationList = 681F4E971D21A73B00C6E651 /* Build configuration list for PBXNativeTarget "gitDemoTHTests" */;
			buildPhases = (
				681F4E7C1D21A73B00C6E651 /* Sources */,
				681F4E7D1D21A73B00C6E651 /* Frameworks */,
				681F4E7E1D21A73B00C6E651 /* Resources */,
			);
			buildRules = (
			);
			dependencies = (
				681F4E821D21A73B00C6E651 /* PBXTargetDependency */,
			);
			name = gitDemoTHTests;
			productName = gitDemoTHTests;
			productReference = 681F4E801D21A73B00C6E651 /* gitDemoTHTests.xctest */;
			productType = "com.apple.product-type.bundle.unit-test";
		};
		681F4E8A1D21A73B00C6E651 /* gitDemoTHUITests */ = {
			isa = PBXNativeTarget;
			buildConfigurationList = 681F4E9A1D21A73B00C6E651 /* Build configuration list for PBXNativeTarget "gitDemoTHUITests" */;
			buildPhases = (
				681F4E871D21A73B00C6E651 /* Sources */,
				681F4E881D21A73B00C6E651 /* Frameworks */,
				681F4E891D21A73B00C6E651 /* Resources */,
			);
			buildRules = (
			);
			dependencies = (
				681F4E8D1D21A73B00C6E651 /* PBXTargetDependency */,
			);
			name = gitDemoTHUITests;
			productName = gitDemoTHUITests;
			productReference = 681F4E8B1D21A73B00C6E651 /* gitDemoTHUITests.xctest */;
			productType = "com.apple.product-type.bundle.ui-testing";
		};
/* End PBXNativeTarget section */

/* Begin PBXProject section */
		681F4E641D21A73B00C6E651 /* Project object */ = {
			isa = PBXProject;
			attributes = {
				LastSwiftUpdateCheck = 0730;
				LastUpgradeCheck = 0730;
				ORGANIZATIONNAME = "Cody Lynn";
				TargetAttributes = {
					681F4E6B1D21A73B00C6E651 = {
						CreatedOnToolsVersion = 7.3.1;
					};
					681F4E7F1D21A73B00C6E651 = {
						CreatedOnToolsVersion = 7.3.1;
						TestTargetID = 681F4E6B1D21A73B00C6E651;
					};
					681F4E8A1D21A73B00C6E651 = {
						CreatedOnToolsVersion = 7.3.1;
						TestTargetID = 681F4E6B1D21A73B00C6E651;
					};
				};
			};
			buildConfigurationList = 681F4E671D21A73B00C6E651 /* Build configuration list for PBXProject "gitDemoTH" */;
			compatibilityVersion = "Xcode 3.2";
			developmentRegion = English;
			hasScannedForEncodings = 0;
			knownRegions = (
				en,
				Base,
			);
			mainGroup = 681F4E631D21A73B00C6E651;
			productRefGroup = 681F4E6D1D21A73B00C6E651 /* Products */;
			projectDirPath = "";
			projectRoot = "";
			targets = (
				681F4E6B1D21A73B00C6E651 /* gitDemoTH */,
				681F4E7F1D21A73B00C6E651 /* gitDemoTHTests */,
				681F4E8A1D21A73B00C6E651 /* gitDemoTHUITests */,
			);
		};
/* End PBXProject section */

/* Begin PBXResourcesBuildPhase section */
		681F4E6A1D21A73B00C6E651 /* Resources */ = {
			isa = PBXResourcesBuildPhase;
			buildActionMask = 2147483647;
			files = (
				681F4E7A1D21A73B00C6E651 /* LaunchScreen.storyboard in Resources */,
				681F4E771D21A73B00C6E651 /* Assets.xcassets in Resources */,
				681F4E751D21A73B00C6E651 /* Main.storyboard in Resources */,
			);
			runOnlyForDeploymentPostprocessing = 0;
		};
		681F4E7E1D21A73B00C6E651 /* Resources */ = {
			isa = PBXResourcesBuildPhase;
			buildActionMask = 2147483647;
			files = (
			);
			runOnlyForDeploymentPostprocessing = 0;
		};
		681F4E891D21A73B00C6E651 /* Resources */ = {
			isa = PBXResourcesBuildPhase;
			buildActionMask = 2147483647;
			files = (
			);
			runOnlyForDeploymentPostprocessing = 0;
		};
/* End PBXResourcesBuildPhase section */

/* Begin PBXSourcesBuildPhase section */
		681F4E681D21A73B00C6E651 /* Sources */ = {
			isa = PBXSourcesBuildPhase;
			buildActionMask = 2147483647;
			files = (
				681F4E721D21A73B00C6E651 /* ViewController.swift in Sources */,
				681F4E701D21A73B00C6E651 /* AppDelegate.swift in Sources */,
			);
			runOnlyForDeploymentPostprocessing = 0;
		};
		681F4E7C1D21A73B00C6E651 /* Sources */ = {
			isa = PBXSourcesBuildPhase;
			buildActionMask = 2147483647;
			files = (
				681F4E851D21A73B00C6E651 /* gitDemoTHTests.swift in Sources */,
			);
			runOnlyForDeploymentPostprocessing = 0;
		};
		681F4E871D21A73B00C6E651 /* Sources */ = {
			isa = PBXSourcesBuildPhase;
			buildActionMask = 2147483647;
			files = (
				681F4E901D21A73B00C6E651 /* gitDemoTHUITests.swift in Sources */,
			);
			runOnlyForDeploymentPostprocessing = 0;
		};
/* End PBXSourcesBuildPhase section */

/* Begin PBXTargetDependency section */
		681F4E821D21A73B00C6E651 /* PBXTargetDependency */ = {
			isa = PBXTargetDependency;
			target = 681F4E6B1D21A73B00C6E651 /* gitDemoTH */;
			targetProxy = 681F4E811D21A73B00C6E651 /* PBXContainerItemProxy */;
		};
		681F4E8D1D21A73B00C6E651 /* PBXTargetDependency */ = {
			isa = PBXTargetDependency;
			target = 681F4E6B1D21A73B00C6E651 /* gitDemoTH */;
			targetProxy = 681F4E8C1D21A73B00C6E651 /* PBXContainerItemProxy */;
		};
/* End PBXTargetDependency section */

/* Begin PBXVariantGroup section */
		681F4E731D21A73B00C6E651 /* Main.storyboard */ = {
			isa = PBXVariantGroup;
			children = (
				681F4E741D21A73B00C6E651 /* Base */,
			);
			name = Main.storyboard;
			sourceTree = "<group>";
		};
		681F4E781D21A73B00C6E651 /* LaunchScreen.storyboard */ = {
			isa = PBXVariantGroup;
			children = (
				681F4E791D21A73B00C6E651 /* Base */,
			);
			name = LaunchScreen.storyboard;
			sourceTree = "<group>";
		};
/* End PBXVariantGroup section */

/* Begin XCBuildConfiguration section */
		681F4E921D21A73B00C6E651 /* Debug */ = {
			isa = XCBuildConfiguration;
			buildSettings = {
				ALWAYS_SEARCH_USER_PATHS = NO;
				CLANG_ANALYZER_NONNULL = YES;
				CLANG_CXX_LANGUAGE_STANDARD = "gnu++0x";
				CLANG_CXX_LIBRARY = "libc++";
				CLANG_ENABLE_MODULES = YES;
				CLANG_ENABLE_OBJC_ARC = YES;
				CLANG_WARN_BOOL_CONVERSION = YES;
				CLANG_WARN_CONSTANT_CONVERSION = YES;
				CLANG_WARN_DIRECT_OBJC_ISA_USAGE = YES_ERROR;
				CLANG_WARN_EMPTY_BODY = YES;
				CLANG_WARN_ENUM_CONVERSION = YES;
				CLANG_WARN_INT_CONVERSION = YES;
				CLANG_WARN_OBJC_ROOT_CLASS = YES_ERROR;
				CLANG_WARN_UNREACHABLE_CODE = YES;
				CLANG_WARN__DUPLICATE_METHOD_MATCH = YES;
				"CODE_SIGN_IDENTITY[sdk=iphoneos*]" = "iPhone Developer";
				COPY_PHASE_STRIP = NO;
				DEBUG_INFORMATION_FORMAT = dwarf;
				ENABLE_STRICT_OBJC_MSGSEND = YES;
				ENABLE_TESTABILITY = YES;
				GCC_C_LANGUAGE_STANDARD = gnu99;
				GCC_DYNAMIC_NO_PIC = NO;
				GCC_NO_COMMON_BLOCKS = YES;
				GCC_OPTIMIZATION_LEVEL = 0;
				GCC_PREPROCESSOR_DEFINITIONS = (
					"DEBUG=1",
					"$(inherited)",
				);
				GCC_WARN_64_TO_32_BIT_CONVERSION = YES;
				GCC_WARN_ABOUT_RETURN_TYPE = YES_ERROR;
				GCC_WARN_UNDECLARED_SELECTOR = YES;
				GCC_WARN_UNINITIALIZED_AUTOS = YES_AGGRESSIVE;
				GCC_WARN_UNUSED_FUNCTION = YES;
				GCC_WARN_UNUSED_VARIABLE = YES;
				IPHONEOS_DEPLOYMENT_TARGET = 9.3;
				MTL_ENABLE_DEBUG_INFO = YES;
				ONLY_ACTIVE_ARCH = YES;
				SDKROOT = iphoneos;
				SWIFT_OPTIMIZATION_LEVEL = "-Onone";
				TARGETED_DEVICE_FAMILY = "1,2";
			};
			name = Debug;
		};
		681F4E931D21A73B00C6E651 /* Release */ = {
			isa = XCBuildConfiguration;
			buildSettings = {
				ALWAYS_SEARCH_USER_PATHS = NO;
				CLANG_ANALYZER_NONNULL = YES;
				CLANG_CXX_LANGUAGE_STANDARD = "gnu++0x";
				CLANG_CXX_LIBRARY = "libc++";
				CLANG_ENABLE_MODULES = YES;
				CLANG_ENABLE_OBJC_ARC = YES;
				CLANG_WARN_BOOL_CONVERSION = YES;
				CLANG_WARN_CONSTANT_CONVERSION = YES;
				CLANG_WARN_DIRECT_OBJC_ISA_USAGE = YES_ERROR;
				CLANG_WARN_EMPTY_BODY = YES;
				CLANG_WARN_ENUM_CONVERSION = YES;
				CLANG_WARN_INT_CONVERSION = YES;
				CLANG_WARN_OBJC_ROOT_CLASS = YES_ERROR;
				CLANG_WARN_UNREACHABLE_CODE = YES;
				CLANG_WARN__DUPLICATE_METHOD_MATCH = YES;
				"CODE_SIGN_IDENTITY[sdk=iphoneos*]" = "iPhone Developer";
				COPY_PHASE_STRIP = NO;
				DEBUG_INFORMATION_FORMAT = "dwarf-with-dsym";
				ENABLE_NS_ASSERTIONS = NO;
				ENABLE_STRICT_OBJC_MSGSEND = YES;
				GCC_C_LANGUAGE_STANDARD = gnu99;
				GCC_NO_COMMON_BLOCKS = YES;
				GCC_WARN_64_TO_32_BIT_CONVERSION = YES;
				GCC_WARN_ABOUT_RETURN_TYPE = YES_ERROR;
				GCC_WARN_UNDECLARED_SELECTOR = YES;
				GCC_WARN_UNINITIALIZED_AUTOS = YES_AGGRESSIVE;
				GCC_WARN_UNUSED_FUNCTION = YES;
				GCC_WARN_UNUSED_VARIABLE = YES;
				IPHONEOS_DEPLOYMENT_TARGET = 9.3;
				MTL_ENABLE_DEBUG_INFO = NO;
				SDKROOT = iphoneos;
				TARGETED_DEVICE_FAMILY = "1,2";
				VALIDATE_PRODUCT = YES;
			};
			name = Release;
		};
		681F4E951D21A73B00C6E651 /* Debug */ = {
			isa = XCBuildConfiguration;
			buildSettings = {
				ASSETCATALOG_COMPILER_APPICON_NAME = AppIcon;
				INFOPLIST_FILE = gitDemoTH/Info.plist;
				LD_RUNPATH_SEARCH_PATHS = "$(inherited) @executable_path/Frameworks";
				PRODUCT_BUNDLE_IDENTIFIER = com.teamtreehouse.gitDemoTH;
				PRODUCT_NAME = "$(TARGET_NAME)";
			};
			name = Debug;
		};
		681F4E961D21A73B00C6E651 /* Release */ = {
			isa = XCBuildConfiguration;
			buildSettings = {
				ASSETCATALOG_COMPILER_APPICON_NAME = AppIcon;
				INFOPLIST_FILE = gitDemoTH/Info.plist;
				LD_RUNPATH_SEARCH_PATHS = "$(inherited) @executable_path/Frameworks";
				PRODUCT_BUNDLE_IDENTIFIER = com.teamtreehouse.gitDemoTH;
				PRODUCT_NAME = "$(TARGET_NAME)";
			};
			name = Release;
		};
		681F4E981D21A73B00C6E651 /* Debug */ = {
			isa = XCBuildConfiguration;
			buildSettings = {
				BUNDLE_LOADER = "$(TEST_HOST)";
				INFOPLIST_FILE = gitDemoTHTests/Info.plist;
				LD_RUNPATH_SEARCH_PATHS = "$(inherited) @executable_path/Frameworks @loader_path/Frameworks";
				PRODUCT_BUNDLE_IDENTIFIER = com.teamtreehouse.gitDemoTHTests;
				PRODUCT_NAME = "$(TARGET_NAME)";
				TEST_HOST = "$(BUILT_PRODUCTS_DIR)/gitDemoTH.app/gitDemoTH";
			};
			name = Debug;
		};
		681F4E991D21A73B00C6E651 /* Release */ = {
			isa = XCBuildConfiguration;
			buildSettings = {
				BUNDLE_LOADER = "$(TEST_HOST)";
				INFOPLIST_FILE = gitDemoTHTests/Info.plist;
				LD_RUNPATH_SEARCH_PATHS = "$(inherited) @executable_path/Frameworks @loader_path/Frameworks";
				PRODUCT_BUNDLE_IDENTIFIER = com.teamtreehouse.gitDemoTHTests;
				PRODUCT_NAME = "$(TARGET_NAME)";
				TEST_HOST = "$(BUILT_PRODUCTS_DIR)/gitDemoTH.app/gitDemoTH";
			};
			name = Release;
		};
		681F4E9B1D21A73B00C6E651 /* Debug */ = {
			isa = XCBuildConfiguration;
			buildSettings = {
				INFOPLIST_FILE = gitDemoTHUITests/Info.plist;
				LD_RUNPATH_SEARCH_PATHS = "$(inherited) @executable_path/Frameworks @loader_path/Frameworks";
				PRODUCT_BUNDLE_IDENTIFIER = com.teamtreehouse.gitDemoTHUITests;
				PRODUCT_NAME = "$(TARGET_NAME)";
				TEST_TARGET_NAME = gitDemoTH;
			};
			name = Debug;
		};
		681F4E9C1D21A73B00C6E651 /* Release */ = {
			isa = XCBuildConfiguration;
			buildSettings = {
				INFOPLIST_FILE = gitDemoTHUITests/Info.plist;
				LD_RUNPATH_SEARCH_PATHS = "$(inherited) @executable_path/Frameworks @loader_path/Frameworks";
				PRODUCT_BUNDLE_IDENTIFIER = com.teamtreehouse.gitDemoTHUITests;
				PRODUCT_NAME = "$(TARGET_NAME)";
				TEST_TARGET_NAME = gitDemoTH;
			};
			name = Release;
		};
/* End XCBuildConfiguration section */

/* Begin XCConfigurationList section */
		681F4E671D21A73B00C6E651 /* Build configuration list for PBXProject "gitDemoTH" */ = {
			isa = XCConfigurationList;
			buildConfigurations = (
				681F4E921D21A73B00C6E651 /* Debug */,
				681F4E931D21A73B00C6E651 /* Release */,
			);
			defaultConfigurationIsVisible = 0;
			defaultConfigurationName = Release;
		};
		681F4E941D21A73B00C6E651 /* Build configuration list for PBXNativeTarget "gitDemoTH" */ = {
			isa = XCConfigurationList;
			buildConfigurations = (
				681F4E951D21A73B00C6E651 /* Debug */,
				681F4E961D21A73B00C6E651 /* Release */,
			);
			defaultConfigurationIsVisible = 0;
		};
		681F4E971D21A73B00C6E651 /* Build configuration list for PBXNativeTarget "gitDemoTHTests" */ = {
			isa = XCConfigurationList;
			buildConfigurations = (
				681F4E981D21A73B00C6E651 /* Debug */,
				681F4E991D21A73B00C6E651 /* Release */,
			);
			defaultConfigurationIsVisible = 0;
		};
		681F4E9A1D21A73B00C6E651 /* Build configuration list for PBXNativeTarget "gitDemoTHUITests" */ = {
			isa = XCConfigurationList;
			buildConfigurations = (
				681F4E9B1D21A73B00C6E651 /* Debug */,
				681F4E9C1D21A73B00C6E651 /* Release */,
			);
			defaultConfigurationIsVisible = 0;
		};
/* End XCConfigurationList section */
	};
	rootObject = 681F4E641D21A73B00C6E651 /* Project object */;
}
